Microsoft Visual Studio Solution File, Format Version 12.00
# Visual Studio Version 17
VisualStudioVersion = 17.8.0.0
MinimumVisualStudioVersion = 17.8.0.0
Project("{9A19103F-16F7-4668-BE54-9A1E7A4F7556}") = "PropertyManager.AppHost", "PropertyManager.AppHost\PropertyManager.AppHost.csproj", "{8D47EEEB-CEFA-4E76-92C8-C13B04040BDB}"
EndProject
Project("{9A19103F-16F7-4668-BE54-9A1E7A4F7556}") = "PropertyManager.ServiceDefaults", "PropertyManager.ServiceDefaults\PropertyManager.ServiceDefaults.csproj", "{BFF53CB2-4C56-4EAD-8826-8F75C3594BE7}"
EndProject
Project("{9A19103F-16F7-4668-BE54-9A1E7A4F7556}") = "PropertyManager.ApiService", "PropertyManager.ApiService\PropertyManager.ApiService.csproj", "{B5A003D1-5C72-414E-A1AA-4899E02EF135}"
EndProject
Project("{9A19103F-16F7-4668-BE54-9A1E7A4F7556}") = "PropertyManager.Tests", "PropertyManager.Tests\PropertyManager.Tests.csproj", "{7135F74B-6926-4D39-ABA4-B0EF32C9F886}"
EndProject
Project("{9A19103F-16F7-4668-BE54-9A1E7A4F7556}") = "PropertyManager.Web", "PropertyManager.Web\PropertyManager.Web.csproj", "{ADCE9469-3D17-4C70-9B3E-4B0DAB8DDF92}"
EndProject
Global
	GlobalSection(SolutionConfigurationPlatforms) = preSolution
		Debug|Any CPU = Debug|Any CPU
		Release|Any CPU = Release|Any CPU
	EndGlobalSection
	GlobalSection(ProjectConfigurationPlatforms) = postSolution
		{8D47EEEB-CEFA-4E76-92C8-C13B04040BDB}.Debug|Any CPU.ActiveCfg = Debug|Any CPU
		{8D47EEEB-CEFA-4E76-92C8-C13B04040BDB}.Debug|Any CPU.Build.0 = Debug|Any CPU
		{8D47EEEB-CEFA-4E76-92C8-C13B04040BDB}.Release|Any CPU.ActiveCfg = Release|Any CPU
		{8D47EEEB-CEFA-4E76-92C8-C13B04040BDB}.Release|Any CPU.Build.0 = Release|Any CPU
		{BFF53CB2-4C56-4EAD-8826-8F75C3594BE7}.Debug|Any CPU.ActiveCfg = Debug|Any CPU
		{BFF53CB2-4C56-4EAD-8826-8F75C3594BE7}.Debug|Any CPU.Build.0 = Debug|Any CPU
		{BFF53CB2-4C56-4EAD-8826-8F75C3594BE7}.Release|Any CPU.ActiveCfg = Release|Any CPU
		{BFF53CB2-4C56-4EAD-8826-8F75C3594BE7}.Release|Any CPU.Build.0 = Release|Any CPU
		{B5A003D1-5C72-414E-A1AA-4899E02EF135}.Debug|Any CPU.ActiveCfg = Debug|Any CPU
		{B5A003D1-5C72-414E-A1AA-4899E02EF135}.Debug|Any CPU.Build.0 = Debug|Any CPU
		{B5A003D1-5C72-414E-A1AA-4899E02EF135}.Release|Any CPU.ActiveCfg = Release|Any CPU
		{B5A003D1-5C72-414E-A1AA-4899E02EF135}.Release|Any CPU.Build.0 = Release|Any CPU
		{7135F74B-6926-4D39-ABA4-B0EF32C9F886}.Debug|Any CPU.ActiveCfg = Debug|Any CPU
		{7135F74B-6926-4D39-ABA4-B0EF32C9F886}.Debug|Any CPU.Build.0 = Debug|Any CPU
		{7135F74B-6926-4D39-ABA4-B0EF32C9F886}.Release|Any CPU.ActiveCfg = Release|Any CPU
		{7135F74B-6926-4D39-ABA4-B0EF32C9F886}.Release|Any CPU.Build.0 = Release|Any CPU
		{ADCE9469-3D17-4C70-9B3E-4B0DAB8DDF92}.Debug|Any CPU.ActiveCfg = Debug|Any CPU
		{ADCE9469-3D17-4C70-9B3E-4B0DAB8DDF92}.Debug|Any CPU.Build.0 = Debug|Any CPU
		{ADCE9469-3D17-4C70-9B3E-4B0DAB8DDF92}.Release|Any CPU.ActiveCfg = Release|Any CPU
		{ADCE9469-3D17-4C70-9B3E-4B0DAB8DDF92}.Release|Any CPU.Build.0 = Release|Any CPU
	EndGlobalSection
	GlobalSection(SolutionProperties) = preSolution
		HideSolutionNode = FALSE
	EndGlobalSection
	GlobalSection(ExtensibilityGlobals) = postSolution
		SolutionGuid = {96D693C6-1820-489F-837E-D6607F3440E0}
	EndGlobalSection
EndGlobal
